
Microsoft Visual Studio Solution File, Format Version 12.00
# Visual Studio Version 16
VisualStudioVersion = 16.0.30717.126
MinimumVisualStudioVersion = 10.0.40219.1
Project("{FAE04EC0-301F-11D3-BF4B-00C04F79EFBC}") = "apiControlCalidad", "apiControlCalidad\apiControlCalidad.csproj", "{ABBB6122-51B3-48E6-B23A-2BFDCDDF7E3F}"
EndProject
Global
	GlobalSection(SolutionConfigurationPlatforms) = preSolution
		Debug|Any CPU = Debug|Any CPU
		Release|Any CPU = Release|Any CPU
	EndGlobalSection
	GlobalSection(ProjectConfigurationPlatforms) = postSolution
		{ABBB6122-51B3-48E6-B23A-2BFDCDDF7E3F}.Debug|Any CPU.ActiveCfg = Debug|Any CPU
		{ABBB6122-51B3-48E6-B23A-2BFDCDDF7E3F}.Debug|Any CPU.Build.0 = Debug|Any CPU
		{ABBB6122-51B3-48E6-B23A-2BFDCDDF7E3F}.Release|Any CPU.ActiveCfg = Release|Any CPU
		{ABBB6122-51B3-48E6-B23A-2BFDCDDF7E3F}.Release|Any CPU.Build.0 = Release|Any CPU
	EndGlobalSection
	GlobalSection(SolutionProperties) = preSolution
		HideSolutionNode = FALSE
	EndGlobalSection
	GlobalSection(ExtensibilityGlobals) = postSolution
		SolutionGuid = {4F21F4B3-E91A-45D1-BDEC-E648802D819B}
	EndGlobalSection
EndGlobal
